
Microsoft Visual Studio Solution File, Format Version 12.00
# Visual Studio Version 16
VisualStudioVersion = 16.0.31129.286
MinimumVisualStudioVersion = 10.0.40219.1
Project("{888888A0-9F3D-457C-B088-3A5042F75D52}") = "VisualStudio_Website", "VisualStudio_Website\VisualStudio_Website.pyproj", "{318997F6-0DEF-4FCD-8EA0-769DF3EA1222}"
EndProject
Global
	GlobalSection(SolutionConfigurationPlatforms) = preSolution
		Debug|Any CPU = Debug|Any CPU
		Release|Any CPU = Release|Any CPU
	EndGlobalSection
	GlobalSection(ProjectConfigurationPlatforms) = postSolution
		{318997F6-0DEF-4FCD-8EA0-769DF3EA1222}.Debug|Any CPU.ActiveCfg = Debug|Any CPU
		{318997F6-0DEF-4FCD-8EA0-769DF3EA1222}.Debug|Any CPU.Build.0 = Debug|Any CPU
		{318997F6-0DEF-4FCD-8EA0-769DF3EA1222}.Release|Any CPU.ActiveCfg = Release|Any CPU
		{318997F6-0DEF-4FCD-8EA0-769DF3EA1222}.Release|Any CPU.Build.0 = Release|Any CPU
	EndGlobalSection
	GlobalSection(SolutionProperties) = preSolution
		HideSolutionNode = FALSE
	EndGlobalSection
	GlobalSection(ExtensibilityGlobals) = postSolution
		SolutionGuid = {AAA12E11-762E-4180-BF95-096EEAE8837F}
	EndGlobalSection
EndGlobal
